
Microsoft Visual Studio Solution File, Format Version 12.00
# Visual Studio Version 16
VisualStudioVersion = 16.0.31019.35
MinimumVisualStudioVersion = 10.0.40219.1
Project("{9A19103F-16F7-4668-BE54-9A1E7A4F7556}") = "Avanade.SubTCSE.Api", "Avanade.SubTCSE.Api\Avanade.SubTCSE.Api.csproj", "{41E36E97-9AFB-4A98-9475-B0BE7B46DF9F}"
EndProject
Project("{2150E333-8FDC-42A3-9474-1A3956D46DE8}") = "0-AppService", "0-AppService", "{B689264E-BD4C-4C85-97E1-618BD35BE80A}"
EndProject
Project("{2150E333-8FDC-42A3-9474-1A3956D46DE8}") = "1-Application", "1-Application", "{A5E894B0-6B2F-472F-B752-12FD6F646639}"
EndProject
Project("{2150E333-8FDC-42A3-9474-1A3956D46DE8}") = "2-Domain", "2-Domain", "{6C28CE7B-C766-4A54-A5FB-A0D4CFD02899}"
EndProject
Project("{2150E333-8FDC-42A3-9474-1A3956D46DE8}") = "3-Infra", "3-Infra", "{372AACB7-19CA-45BD-B2FD-6E6CAD67745E}"
EndProject
Project("{2150E333-8FDC-42A3-9474-1A3956D46DE8}") = "4-Test", "4-Test", "{EDC98ABA-25F7-49B8-99B7-33A808FA8442}"
EndProject
Project("{2150E333-8FDC-42A3-9474-1A3956D46DE8}") = "3.1-CrossCutting", "3.1-CrossCutting", "{156FB691-1C14-418F-B596-01B4D79E7FAE}"
EndProject
Project("{2150E333-8FDC-42A3-9474-1A3956D46DE8}") = "3.2-Data", "3.2-Data", "{2A00926D-6D40-40C8-891A-114AC89BB445}"
EndProject
Project("{FAE04EC0-301F-11D3-BF4B-00C04F79EFBC}") = "Avanade.SubTCSE.Projeto.Application", "Avanade.SubTCSE.Projeto.Application\Avanade.SubTCSE.Projeto.Application.csproj", "{67C59D34-08F7-47B2-8E82-30E42CFC6B0D}"
EndProject
Project("{FAE04EC0-301F-11D3-BF4B-00C04F79EFBC}") = "Avanade.SubTCSE.Projeto.Domain", "Avanade.SubTCSE.Projeto.Domain\Avanade.SubTCSE.Projeto.Domain.csproj", "{F98E5066-D1DF-413C-8C8A-5E441E4337F6}"
EndProject
Project("{FAE04EC0-301F-11D3-BF4B-00C04F79EFBC}") = "Avanade.SubTCSE.Projeto.CrossCutting", "Avanade.SubTCSE.Projeto.CrossCutting\Avanade.SubTCSE.Projeto.CrossCutting.csproj", "{B475A33E-D295-4743-B99E-0D56FDB28F8B}"
EndProject
Project("{FAE04EC0-301F-11D3-BF4B-00C04F79EFBC}") = "Avanade.SubTCSE.Projeto.Data", "Avanade.SubTCSE.Projeto.Data\Avanade.SubTCSE.Projeto.Data.csproj", "{10DF26BC-E32D-4997-BEC5-03E16F4FCA25}"
EndProject
Global
	GlobalSection(SolutionConfigurationPlatforms) = preSolution
		Debug|Any CPU = Debug|Any CPU
		Release|Any CPU = Release|Any CPU
	EndGlobalSection
	GlobalSection(ProjectConfigurationPlatforms) = postSolution
		{41E36E97-9AFB-4A98-9475-B0BE7B46DF9F}.Debug|Any CPU.ActiveCfg = Debug|Any CPU
		{41E36E97-9AFB-4A98-9475-B0BE7B46DF9F}.Debug|Any CPU.Build.0 = Debug|Any CPU
		{41E36E97-9AFB-4A98-9475-B0BE7B46DF9F}.Release|Any CPU.ActiveCfg = Release|Any CPU
		{41E36E97-9AFB-4A98-9475-B0BE7B46DF9F}.Release|Any CPU.Build.0 = Release|Any CPU
		{67C59D34-08F7-47B2-8E82-30E42CFC6B0D}.Debug|Any CPU.ActiveCfg = Debug|Any CPU
		{67C59D34-08F7-47B2-8E82-30E42CFC6B0D}.Debug|Any CPU.Build.0 = Debug|Any CPU
		{67C59D34-08F7-47B2-8E82-30E42CFC6B0D}.Release|Any CPU.ActiveCfg = Release|Any CPU
		{67C59D34-08F7-47B2-8E82-30E42CFC6B0D}.Release|Any CPU.Build.0 = Release|Any CPU
		{F98E5066-D1DF-413C-8C8A-5E441E4337F6}.Debug|Any CPU.ActiveCfg = Debug|Any CPU
		{F98E5066-D1DF-413C-8C8A-5E441E4337F6}.Debug|Any CPU.Build.0 = Debug|Any CPU
		{F98E5066-D1DF-413C-8C8A-5E441E4337F6}.Release|Any CPU.ActiveCfg = Release|Any CPU
		{F98E5066-D1DF-413C-8C8A-5E441E4337F6}.Release|Any CPU.Build.0 = Release|Any CPU
		{B475A33E-D295-4743-B99E-0D56FDB28F8B}.Debug|Any CPU.ActiveCfg = Debug|Any CPU
		{B475A33E-D295-4743-B99E-0D56FDB28F8B}.Debug|Any CPU.Build.0 = Debug|Any CPU
		{B475A33E-D295-4743-B99E-0D56FDB28F8B}.Release|Any CPU.ActiveCfg = Release|Any CPU
		{B475A33E-D295-4743-B99E-0D56FDB28F8B}.Release|Any CPU.Build.0 = Release|Any CPU
		{10DF26BC-E32D-4997-BEC5-03E16F4FCA25}.Debug|Any CPU.ActiveCfg = Debug|Any CPU
		{10DF26BC-E32D-4997-BEC5-03E16F4FCA25}.Debug|Any CPU.Build.0 = Debug|Any CPU
		{10DF26BC-E32D-4997-BEC5-03E16F4FCA25}.Release|Any CPU.ActiveCfg = Release|Any CPU
		{10DF26BC-E32D-4997-BEC5-03E16F4FCA25}.Release|Any CPU.Build.0 = Release|Any CPU
	EndGlobalSection
	GlobalSection(SolutionProperties) = preSolution
		HideSolutionNode = FALSE
	EndGlobalSection
	GlobalSection(NestedProjects) = preSolution
		{41E36E97-9AFB-4A98-9475-B0BE7B46DF9F} = {B689264E-BD4C-4C85-97E1-618BD35BE80A}
		{156FB691-1C14-418F-B596-01B4D79E7FAE} = {372AACB7-19CA-45BD-B2FD-6E6CAD67745E}
		{2A00926D-6D40-40C8-891A-114AC89BB445} = {372AACB7-19CA-45BD-B2FD-6E6CAD67745E}
		{67C59D34-08F7-47B2-8E82-30E42CFC6B0D} = {A5E894B0-6B2F-472F-B752-12FD6F646639}
		{F98E5066-D1DF-413C-8C8A-5E441E4337F6} = {6C28CE7B-C766-4A54-A5FB-A0D4CFD02899}
		{B475A33E-D295-4743-B99E-0D56FDB28F8B} = {156FB691-1C14-418F-B596-01B4D79E7FAE}
		{10DF26BC-E32D-4997-BEC5-03E16F4FCA25} = {2A00926D-6D40-40C8-891A-114AC89BB445}
	EndGlobalSection
	GlobalSection(ExtensibilityGlobals) = postSolution
		SolutionGuid = {4F7F2CFB-2CA5-4BC6-A958-CC6C51D50BD0}
	EndGlobalSection
EndGlobal
