
Microsoft Visual Studio Solution File, Format Version 12.00
# Visual Studio Version 16
VisualStudioVersion = 16.0.31019.35
MinimumVisualStudioVersion = 10.0.40219.1
Project("{FAE04EC0-301F-11D3-BF4B-00C04F79EFBC}") = "Avanade.SubTCSE.Api", "Avanade.SubTCSE.Api\Avanade.SubTCSE.Api.csproj", "{41E36E97-9AFB-4A98-9475-B0BE7B46DF9F}"
EndProject
Global
	GlobalSection(SolutionConfigurationPlatforms) = preSolution
		Debug|Any CPU = Debug|Any CPU
		Release|Any CPU = Release|Any CPU
	EndGlobalSection
	GlobalSection(ProjectConfigurationPlatforms) = postSolution
		{41E36E97-9AFB-4A98-9475-B0BE7B46DF9F}.Debug|Any CPU.ActiveCfg = Debug|Any CPU
		{41E36E97-9AFB-4A98-9475-B0BE7B46DF9F}.Debug|Any CPU.Build.0 = Debug|Any CPU
		{41E36E97-9AFB-4A98-9475-B0BE7B46DF9F}.Release|Any CPU.ActiveCfg = Release|Any CPU
		{41E36E97-9AFB-4A98-9475-B0BE7B46DF9F}.Release|Any CPU.Build.0 = Release|Any CPU
	EndGlobalSection
	GlobalSection(SolutionProperties) = preSolution
		HideSolutionNode = FALSE
	EndGlobalSection
	GlobalSection(ExtensibilityGlobals) = postSolution
		SolutionGuid = {4F7F2CFB-2CA5-4BC6-A958-CC6C51D50BD0}
	EndGlobalSection
EndGlobal
